
Microsoft Visual Studio Solution File, Format Version 12.00
# Visual Studio 14
VisualStudioVersion = 14.0.25123.0
MinimumVisualStudioVersion = 10.0.40219.1
Project("{FAE04EC0-301F-11D3-BF4B-00C04F79EFBC}") = "B2CAppMobile.Droid", "B2CAppMobile\B2CAppMobile.Droid\B2CAppMobile.Droid.csproj", "{718B8DF2-5041-40BA-8AB0-1AA6BABB3A4A}"
EndProject
Project("{FAE04EC0-301F-11D3-BF4B-00C04F79EFBC}") = "B2CAppMobile.iOS", "B2CAppMobile\B2CAppMobile.iOS\B2CAppMobile.iOS.csproj", "{B5D5A72A-30C9-466D-89EB-43E6C6E58F2E}"
EndProject
Project("{FAE04EC0-301F-11D3-BF4B-00C04F79EFBC}") = "B2CAppMobile.WinPhone", "B2CAppMobile\B2CAppMobile.WinPhone\B2CAppMobile.WinPhone.csproj", "{7CC3E8D8-D69F-4F94-8DB9-62F897BF30C6}"
EndProject
Project("{FAE04EC0-301F-11D3-BF4B-00C04F79EFBC}") = "B2CAppMobile.UWP", "B2CAppMobile\B2CAppMobile.UWP\B2CAppMobile.UWP.csproj", "{D2888099-BA02-4C44-9989-BFCC70595852}"
EndProject
Project("{FAE04EC0-301F-11D3-BF4B-00C04F79EFBC}") = "B2CAppMobile.Windows", "B2CAppMobile\B2CAppMobile.Windows\B2CAppMobile.Windows.csproj", "{738092AF-F23A-4474-9658-DF6B5EDD67D1}"
EndProject
Project("{FAE04EC0-301F-11D3-BF4B-00C04F79EFBC}") = "B2CAppMobile", "B2CAppMobile\B2CAppMobile\B2CAppMobile.csproj", "{34BCACA9-96CF-47F3-BA4A-D27D99024088}"
EndProject
Global
	GlobalSection(SolutionConfigurationPlatforms) = preSolution
		Ad-Hoc|Any CPU = Ad-Hoc|Any CPU
		Ad-Hoc|ARM = Ad-Hoc|ARM
		Ad-Hoc|iPhone = Ad-Hoc|iPhone
		Ad-Hoc|iPhoneSimulator = Ad-Hoc|iPhoneSimulator
		Ad-Hoc|x64 = Ad-Hoc|x64
		Ad-Hoc|x86 = Ad-Hoc|x86
		AppStore|Any CPU = AppStore|Any CPU
		AppStore|ARM = AppStore|ARM
		AppStore|iPhone = AppStore|iPhone
		AppStore|iPhoneSimulator = AppStore|iPhoneSimulator
		AppStore|x64 = AppStore|x64
		AppStore|x86 = AppStore|x86
		Debug|Any CPU = Debug|Any CPU
		Debug|ARM = Debug|ARM
		Debug|iPhone = Debug|iPhone
		Debug|iPhoneSimulator = Debug|iPhoneSimulator
		Debug|x64 = Debug|x64
		Debug|x86 = Debug|x86
		Release|Any CPU = Release|Any CPU
		Release|ARM = Release|ARM
		Release|iPhone = Release|iPhone
		Release|iPhoneSimulator = Release|iPhoneSimulator
		Release|x64 = Release|x64
		Release|x86 = Release|x86
	EndGlobalSection
	GlobalSection(ProjectConfigurationPlatforms) = postSolution
		{718B8DF2-5041-40BA-8AB0-1AA6BABB3A4A}.Ad-Hoc|Any CPU.ActiveCfg = Release|Any CPU
		{718B8DF2-5041-40BA-8AB0-1AA6BABB3A4A}.Ad-Hoc|Any CPU.Build.0 = Release|Any CPU
		{718B8DF2-5041-40BA-8AB0-1AA6BABB3A4A}.Ad-Hoc|Any CPU.Deploy.0 = Release|Any CPU
		{718B8DF2-5041-40BA-8AB0-1AA6BABB3A4A}.Ad-Hoc|ARM.ActiveCfg = Release|Any CPU
		{718B8DF2-5041-40BA-8AB0-1AA6BABB3A4A}.Ad-Hoc|ARM.Build.0 = Release|Any CPU
		{718B8DF2-5041-40BA-8AB0-1AA6BABB3A4A}.Ad-Hoc|ARM.Deploy.0 = Release|Any CPU
		{718B8DF2-5041-40BA-8AB0-1AA6BABB3A4A}.Ad-Hoc|iPhone.ActiveCfg = Release|Any CPU
		{718B8DF2-5041-40BA-8AB0-1AA6BABB3A4A}.Ad-Hoc|iPhone.Build.0 = Release|Any CPU
		{718B8DF2-5041-40BA-8AB0-1AA6BABB3A4A}.Ad-Hoc|iPhone.Deploy.0 = Release|Any CPU
		{718B8DF2-5041-40BA-8AB0-1AA6BABB3A4A}.Ad-Hoc|iPhoneSimulator.ActiveCfg = Release|Any CPU
		{718B8DF2-5041-40BA-8AB0-1AA6BABB3A4A}.Ad-Hoc|iPhoneSimulator.Build.0 = Release|Any CPU
		{718B8DF2-5041-40BA-8AB0-1AA6BABB3A4A}.Ad-Hoc|iPhoneSimulator.Deploy.0 = Release|Any CPU
		{718B8DF2-5041-40BA-8AB0-1AA6BABB3A4A}.Ad-Hoc|x64.ActiveCfg = Release|Any CPU
		{718B8DF2-5041-40BA-8AB0-1AA6BABB3A4A}.Ad-Hoc|x64.Build.0 = Release|Any CPU
		{718B8DF2-5041-40BA-8AB0-1AA6BABB3A4A}.Ad-Hoc|x64.Deploy.0 = Release|Any CPU
		{718B8DF2-5041-40BA-8AB0-1AA6BABB3A4A}.Ad-Hoc|x86.ActiveCfg = Release|Any CPU
		{718B8DF2-5041-40BA-8AB0-1AA6BABB3A4A}.Ad-Hoc|x86.Build.0 = Release|Any CPU
		{718B8DF2-5041-40BA-8AB0-1AA6BABB3A4A}.Ad-Hoc|x86.Deploy.0 = Release|Any CPU
		{718B8DF2-5041-40BA-8AB0-1AA6BABB3A4A}.AppStore|Any CPU.ActiveCfg = Release|Any CPU
		{718B8DF2-5041-40BA-8AB0-1AA6BABB3A4A}.AppStore|Any CPU.Build.0 = Release|Any CPU
		{718B8DF2-5041-40BA-8AB0-1AA6BABB3A4A}.AppStore|Any CPU.Deploy.0 = Release|Any CPU
		{718B8DF2-5041-40BA-8AB0-1AA6BABB3A4A}.AppStore|ARM.ActiveCfg = Release|Any CPU
		{718B8DF2-5041-40BA-8AB0-1AA6BABB3A4A}.AppStore|ARM.Build.0 = Release|Any CPU
		{718B8DF2-5041-40BA-8AB0-1AA6BABB3A4A}.AppStore|ARM.Deploy.0 = Release|Any CPU
		{718B8DF2-5041-40BA-8AB0-1AA6BABB3A4A}.AppStore|iPhone.ActiveCfg = Release|Any CPU
		{718B8DF2-5041-40BA-8AB0-1AA6BABB3A4A}.AppStore|iPhone.Build.0 = Release|Any CPU
		{718B8DF2-5041-40BA-8AB0-1AA6BABB3A4A}.AppStore|iPhone.Deploy.0 = Release|Any CPU
		{718B8DF2-5041-40BA-8AB0-1AA6BABB3A4A}.AppStore|iPhoneSimulator.ActiveCfg = Release|Any CPU
		{718B8DF2-5041-40BA-8AB0-1AA6BABB3A4A}.AppStore|iPhoneSimulator.Build.0 = Release|Any CPU
		{718B8DF2-5041-40BA-8AB0-1AA6BABB3A4A}.AppStore|iPhoneSimulator.Deploy.0 = Release|Any CPU
		{718B8DF2-5041-40BA-8AB0-1AA6BABB3A4A}.AppStore|x64.ActiveCfg = Release|Any CPU
		{718B8DF2-5041-40BA-8AB0-1AA6BABB3A4A}.AppStore|x64.Build.0 = Release|Any CPU
		{718B8DF2-5041-40BA-8AB0-1AA6BABB3A4A}.AppStore|x64.Deploy.0 = Release|Any CPU
		{718B8DF2-5041-40BA-8AB0-1AA6BABB3A4A}.AppStore|x86.ActiveCfg = Release|Any CPU
		{718B8DF2-5041-40BA-8AB0-1AA6BABB3A4A}.AppStore|x86.Build.0 = Release|Any CPU
		{718B8DF2-5041-40BA-8AB0-1AA6BABB3A4A}.AppStore|x86.Deploy.0 = Release|Any CPU
		{718B8DF2-5041-40BA-8AB0-1AA6BABB3A4A}.Debug|Any CPU.ActiveCfg = Debug|Any CPU
		{718B8DF2-5041-40BA-8AB0-1AA6BABB3A4A}.Debug|Any CPU.Build.0 = Debug|Any CPU
		{718B8DF2-5041-40BA-8AB0-1AA6BABB3A4A}.Debug|Any CPU.Deploy.0 = Debug|Any CPU
		{718B8DF2-5041-40BA-8AB0-1AA6BABB3A4A}.Debug|ARM.ActiveCfg = Debug|Any CPU
		{718B8DF2-5041-40BA-8AB0-1AA6BABB3A4A}.Debug|ARM.Build.0 = Debug|Any CPU
		{718B8DF2-5041-40BA-8AB0-1AA6BABB3A4A}.Debug|ARM.Deploy.0 = Debug|Any CPU
		{718B8DF2-5041-40BA-8AB0-1AA6BABB3A4A}.Debug|iPhone.ActiveCfg = Debug|Any CPU
		{718B8DF2-5041-40BA-8AB0-1AA6BABB3A4A}.Debug|iPhone.Build.0 = Debug|Any CPU
		{718B8DF2-5041-40BA-8AB0-1AA6BABB3A4A}.Debug|iPhone.Deploy.0 = Debug|Any CPU
		{718B8DF2-5041-40BA-8AB0-1AA6BABB3A4A}.Debug|iPhoneSimulator.ActiveCfg = Debug|Any CPU
		{718B8DF2-5041-40BA-8AB0-1AA6BABB3A4A}.Debug|iPhoneSimulator.Build.0 = Debug|Any CPU
		{718B8DF2-5041-40BA-8AB0-1AA6BABB3A4A}.Debug|iPhoneSimulator.Deploy.0 = Debug|Any CPU
		{718B8DF2-5041-40BA-8AB0-1AA6BABB3A4A}.Debug|x64.ActiveCfg = Debug|Any CPU
		{718B8DF2-5041-40BA-8AB0-1AA6BABB3A4A}.Debug|x64.Build.0 = Debug|Any CPU
		{718B8DF2-5041-40BA-8AB0-1AA6BABB3A4A}.Debug|x64.Deploy.0 = Debug|Any CPU
		{718B8DF2-5041-40BA-8AB0-1AA6BABB3A4A}.Debug|x86.ActiveCfg = Debug|Any CPU
		{718B8DF2-5041-40BA-8AB0-1AA6BABB3A4A}.Debug|x86.Build.0 = Debug|Any CPU
		{718B8DF2-5041-40BA-8AB0-1AA6BABB3A4A}.Debug|x86.Deploy.0 = Debug|Any CPU
		{718B8DF2-5041-40BA-8AB0-1AA6BABB3A4A}.Release|Any CPU.ActiveCfg = Release|Any CPU
		{718B8DF2-5041-40BA-8AB0-1AA6BABB3A4A}.Release|Any CPU.Build.0 = Release|Any CPU
		{718B8DF2-5041-40BA-8AB0-1AA6BABB3A4A}.Release|Any CPU.Deploy.0 = Release|Any CPU
		{718B8DF2-5041-40BA-8AB0-1AA6BABB3A4A}.Release|ARM.ActiveCfg = Release|Any CPU
		{718B8DF2-5041-40BA-8AB0-1AA6BABB3A4A}.Release|ARM.Build.0 = Release|Any CPU
		{718B8DF2-5041-40BA-8AB0-1AA6BABB3A4A}.Release|ARM.Deploy.0 = Release|Any CPU
		{718B8DF2-5041-40BA-8AB0-1AA6BABB3A4A}.Release|iPhone.ActiveCfg = Release|Any CPU
		{718B8DF2-5041-40BA-8AB0-1AA6BABB3A4A}.Release|iPhone.Build.0 = Release|Any CPU
		{718B8DF2-5041-40BA-8AB0-1AA6BABB3A4A}.Release|iPhone.Deploy.0 = Release|Any CPU
		{718B8DF2-5041-40BA-8AB0-1AA6BABB3A4A}.Release|iPhoneSimulator.ActiveCfg = Release|Any CPU
		{718B8DF2-5041-40BA-8AB0-1AA6BABB3A4A}.Release|iPhoneSimulator.Build.0 = Release|Any CPU
		{718B8DF2-5041-40BA-8AB0-1AA6BABB3A4A}.Release|iPhoneSimulator.Deploy.0 = Release|Any CPU
		{718B8DF2-5041-40BA-8AB0-1AA6BABB3A4A}.Release|x64.ActiveCfg = Release|Any CPU
		{718B8DF2-5041-40BA-8AB0-1AA6BABB3A4A}.Release|x64.Build.0 = Release|Any CPU
		{718B8DF2-5041-40BA-8AB0-1AA6BABB3A4A}.Release|x64.Deploy.0 = Release|Any CPU
		{718B8DF2-5041-40BA-8AB0-1AA6BABB3A4A}.Release|x86.ActiveCfg = Release|Any CPU
		{718B8DF2-5041-40BA-8AB0-1AA6BABB3A4A}.Release|x86.Build.0 = Release|Any CPU
		{718B8DF2-5041-40BA-8AB0-1AA6BABB3A4A}.Release|x86.Deploy.0 = Release|Any CPU
		{B5D5A72A-30C9-466D-89EB-43E6C6E58F2E}.Ad-Hoc|Any CPU.ActiveCfg = Ad-Hoc|iPhone
		{B5D5A72A-30C9-466D-89EB-43E6C6E58F2E}.Ad-Hoc|ARM.ActiveCfg = Ad-Hoc|iPhone
		{B5D5A72A-30C9-466D-89EB-43E6C6E58F2E}.Ad-Hoc|iPhone.ActiveCfg = Ad-Hoc|iPhone
		{B5D5A72A-30C9-466D-89EB-43E6C6E58F2E}.Ad-Hoc|iPhone.Build.0 = Ad-Hoc|iPhone
		{B5D5A72A-30C9-466D-89EB-43E6C6E58F2E}.Ad-Hoc|iPhoneSimulator.ActiveCfg = Ad-Hoc|iPhoneSimulator
		{B5D5A72A-30C9-466D-89EB-43E6C6E58F2E}.Ad-Hoc|iPhoneSimulator.Build.0 = Ad-Hoc|iPhoneSimulator
		{B5D5A72A-30C9-466D-89EB-43E6C6E58F2E}.Ad-Hoc|x64.ActiveCfg = Ad-Hoc|iPhone
		{B5D5A72A-30C9-466D-89EB-43E6C6E58F2E}.Ad-Hoc|x86.ActiveCfg = Ad-Hoc|iPhone
		{B5D5A72A-30C9-466D-89EB-43E6C6E58F2E}.AppStore|Any CPU.ActiveCfg = AppStore|iPhone
		{B5D5A72A-30C9-466D-89EB-43E6C6E58F2E}.AppStore|ARM.ActiveCfg = AppStore|iPhone
		{B5D5A72A-30C9-466D-89EB-43E6C6E58F2E}.AppStore|iPhone.ActiveCfg = AppStore|iPhone
		{B5D5A72A-30C9-466D-89EB-43E6C6E58F2E}.AppStore|iPhone.Build.0 = AppStore|iPhone
		{B5D5A72A-30C9-466D-89EB-43E6C6E58F2E}.AppStore|iPhoneSimulator.ActiveCfg = AppStore|iPhoneSimulator
		{B5D5A72A-30C9-466D-89EB-43E6C6E58F2E}.AppStore|iPhoneSimulator.Build.0 = AppStore|iPhoneSimulator
		{B5D5A72A-30C9-466D-89EB-43E6C6E58F2E}.AppStore|x64.ActiveCfg = AppStore|iPhone
		{B5D5A72A-30C9-466D-89EB-43E6C6E58F2E}.AppStore|x86.ActiveCfg = AppStore|iPhone
		{B5D5A72A-30C9-466D-89EB-43E6C6E58F2E}.Debug|Any CPU.ActiveCfg = Debug|iPhone
		{B5D5A72A-30C9-466D-89EB-43E6C6E58F2E}.Debug|ARM.ActiveCfg = Debug|iPhone
		{B5D5A72A-30C9-466D-89EB-43E6C6E58F2E}.Debug|iPhone.ActiveCfg = Debug|iPhone
		{B5D5A72A-30C9-466D-89EB-43E6C6E58F2E}.Debug|iPhone.Build.0 = Debug|iPhone
		{B5D5A72A-30C9-466D-89EB-43E6C6E58F2E}.Debug|iPhoneSimulator.ActiveCfg = Debug|iPhoneSimulator
		{B5D5A72A-30C9-466D-89EB-43E6C6E58F2E}.Debug|iPhoneSimulator.Build.0 = Debug|iPhoneSimulator
		{B5D5A72A-30C9-466D-89EB-43E6C6E58F2E}.Debug|x64.ActiveCfg = Debug|iPhone
		{B5D5A72A-30C9-466D-89EB-43E6C6E58F2E}.Debug|x86.ActiveCfg = Debug|iPhone
		{B5D5A72A-30C9-466D-89EB-43E6C6E58F2E}.Release|Any CPU.ActiveCfg = Release|iPhone
		{B5D5A72A-30C9-466D-89EB-43E6C6E58F2E}.Release|ARM.ActiveCfg = Release|iPhone
		{B5D5A72A-30C9-466D-89EB-43E6C6E58F2E}.Release|iPhone.ActiveCfg = Release|iPhone
		{B5D5A72A-30C9-466D-89EB-43E6C6E58F2E}.Release|iPhone.Build.0 = Release|iPhone
		{B5D5A72A-30C9-466D-89EB-43E6C6E58F2E}.Release|iPhoneSimulator.ActiveCfg = Release|iPhoneSimulator
		{B5D5A72A-30C9-466D-89EB-43E6C6E58F2E}.Release|iPhoneSimulator.Build.0 = Release|iPhoneSimulator
		{B5D5A72A-30C9-466D-89EB-43E6C6E58F2E}.Release|x64.ActiveCfg = Release|iPhone
		{B5D5A72A-30C9-466D-89EB-43E6C6E58F2E}.Release|x86.ActiveCfg = Release|iPhone
		{7CC3E8D8-D69F-4F94-8DB9-62F897BF30C6}.Ad-Hoc|Any CPU.ActiveCfg = Release|Any CPU
		{7CC3E8D8-D69F-4F94-8DB9-62F897BF30C6}.Ad-Hoc|Any CPU.Build.0 = Release|Any CPU
		{7CC3E8D8-D69F-4F94-8DB9-62F897BF30C6}.Ad-Hoc|Any CPU.Deploy.0 = Release|Any CPU
		{7CC3E8D8-D69F-4F94-8DB9-62F897BF30C6}.Ad-Hoc|ARM.ActiveCfg = Release|ARM
		{7CC3E8D8-D69F-4F94-8DB9-62F897BF30C6}.Ad-Hoc|ARM.Build.0 = Release|ARM
		{7CC3E8D8-D69F-4F94-8DB9-62F897BF30C6}.Ad-Hoc|ARM.Deploy.0 = Release|ARM
		{7CC3E8D8-D69F-4F94-8DB9-62F897BF30C6}.Ad-Hoc|iPhone.ActiveCfg = Release|Any CPU
		{7CC3E8D8-D69F-4F94-8DB9-62F897BF30C6}.Ad-Hoc|iPhone.Build.0 = Release|Any CPU
		{7CC3E8D8-D69F-4F94-8DB9-62F897BF30C6}.Ad-Hoc|iPhone.Deploy.0 = Release|Any CPU
		{7CC3E8D8-D69F-4F94-8DB9-62F897BF30C6}.Ad-Hoc|iPhoneSimulator.ActiveCfg = Release|Any CPU
		{7CC3E8D8-D69F-4F94-8DB9-62F897BF30C6}.Ad-Hoc|iPhoneSimulator.Build.0 = Release|Any CPU
		{7CC3E8D8-D69F-4F94-8DB9-62F897BF30C6}.Ad-Hoc|iPhoneSimulator.Deploy.0 = Release|Any CPU
		{7CC3E8D8-D69F-4F94-8DB9-62F897BF30C6}.Ad-Hoc|x64.ActiveCfg = Release|Any CPU
		{7CC3E8D8-D69F-4F94-8DB9-62F897BF30C6}.Ad-Hoc|x64.Build.0 = Release|Any CPU
		{7CC3E8D8-D69F-4F94-8DB9-62F897BF30C6}.Ad-Hoc|x64.Deploy.0 = Release|Any CPU
		{7CC3E8D8-D69F-4F94-8DB9-62F897BF30C6}.Ad-Hoc|x86.ActiveCfg = Release|x86
		{7CC3E8D8-D69F-4F94-8DB9-62F897BF30C6}.Ad-Hoc|x86.Build.0 = Release|x86
		{7CC3E8D8-D69F-4F94-8DB9-62F897BF30C6}.Ad-Hoc|x86.Deploy.0 = Release|x86
		{7CC3E8D8-D69F-4F94-8DB9-62F897BF30C6}.AppStore|Any CPU.ActiveCfg = Release|Any CPU
		{7CC3E8D8-D69F-4F94-8DB9-62F897BF30C6}.AppStore|Any CPU.Build.0 = Release|Any CPU
		{7CC3E8D8-D69F-4F94-8DB9-62F897BF30C6}.AppStore|Any CPU.Deploy.0 = Release|Any CPU
		{7CC3E8D8-D69F-4F94-8DB9-62F897BF30C6}.AppStore|ARM.ActiveCfg = Release|ARM
		{7CC3E8D8-D69F-4F94-8DB9-62F897BF30C6}.AppStore|ARM.Build.0 = Release|ARM
		{7CC3E8D8-D69F-4F94-8DB9-62F897BF30C6}.AppStore|ARM.Deploy.0 = Release|ARM
		{7CC3E8D8-D69F-4F94-8DB9-62F897BF30C6}.AppStore|iPhone.ActiveCfg = Release|Any CPU
		{7CC3E8D8-D69F-4F94-8DB9-62F897BF30C6}.AppStore|iPhone.Build.0 = Release|Any CPU
		{7CC3E8D8-D69F-4F94-8DB9-62F897BF30C6}.AppStore|iPhone.Deploy.0 = Release|Any CPU
		{7CC3E8D8-D69F-4F94-8DB9-62F897BF30C6}.AppStore|iPhoneSimulator.ActiveCfg = Release|Any CPU
		{7CC3E8D8-D69F-4F94-8DB9-62F897BF30C6}.AppStore|iPhoneSimulator.Build.0 = Release|Any CPU
		{7CC3E8D8-D69F-4F94-8DB9-62F897BF30C6}.AppStore|iPhoneSimulator.Deploy.0 = Release|Any CPU
		{7CC3E8D8-D69F-4F94-8DB9-62F897BF30C6}.AppStore|x64.ActiveCfg = Release|Any CPU
		{7CC3E8D8-D69F-4F94-8DB9-62F897BF30C6}.AppStore|x64.Build.0 = Release|Any CPU
		{7CC3E8D8-D69F-4F94-8DB9-62F897BF30C6}.AppStore|x64.Deploy.0 = Release|Any CPU
		{7CC3E8D8-D69F-4F94-8DB9-62F897BF30C6}.AppStore|x86.ActiveCfg = Release|x86
		{7CC3E8D8-D69F-4F94-8DB9-62F897BF30C6}.AppStore|x86.Build.0 = Release|x86
		{7CC3E8D8-D69F-4F94-8DB9-62F897BF30C6}.AppStore|x86.Deploy.0 = Release|x86
		{7CC3E8D8-D69F-4F94-8DB9-62F897BF30C6}.Debug|Any CPU.ActiveCfg = Debug|Any CPU
		{7CC3E8D8-D69F-4F94-8DB9-62F897BF30C6}.Debug|Any CPU.Build.0 = Debug|Any CPU
		{7CC3E8D8-D69F-4F94-8DB9-62F897BF30C6}.Debug|Any CPU.Deploy.0 = Debug|Any CPU
		{7CC3E8D8-D69F-4F94-8DB9-62F897BF30C6}.Debug|ARM.ActiveCfg = Debug|ARM
		{7CC3E8D8-D69F-4F94-8DB9-62F897BF30C6}.Debug|ARM.Build.0 = Debug|ARM
		{7CC3E8D8-D69F-4F94-8DB9-62F897BF30C6}.Debug|ARM.Deploy.0 = Debug|ARM
		{7CC3E8D8-D69F-4F94-8DB9-62F897BF30C6}.Debug|iPhone.ActiveCfg = Debug|Any CPU
		{7CC3E8D8-D69F-4F94-8DB9-62F897BF30C6}.Debug|iPhone.Build.0 = Debug|Any CPU
		{7CC3E8D8-D69F-4F94-8DB9-62F897BF30C6}.Debug|iPhone.Deploy.0 = Debug|Any CPU
		{7CC3E8D8-D69F-4F94-8DB9-62F897BF30C6}.Debug|iPhoneSimulator.ActiveCfg = Debug|Any CPU
		{7CC3E8D8-D69F-4F94-8DB9-62F897BF30C6}.Debug|iPhoneSimulator.Build.0 = Debug|Any CPU
		{7CC3E8D8-D69F-4F94-8DB9-62F897BF30C6}.Debug|iPhoneSimulator.Deploy.0 = Debug|Any CPU
		{7CC3E8D8-D69F-4F94-8DB9-62F897BF30C6}.Debug|x64.ActiveCfg = Debug|Any CPU
		{7CC3E8D8-D69F-4F94-8DB9-62F897BF30C6}.Debug|x64.Build.0 = Debug|Any CPU
		{7CC3E8D8-D69F-4F94-8DB9-62F897BF30C6}.Debug|x64.Deploy.0 = Debug|Any CPU
		{7CC3E8D8-D69F-4F94-8DB9-62F897BF30C6}.Debug|x86.ActiveCfg = Debug|x86
		{7CC3E8D8-D69F-4F94-8DB9-62F897BF30C6}.Debug|x86.Build.0 = Debug|x86
		{7CC3E8D8-D69F-4F94-8DB9-62F897BF30C6}.Debug|x86.Deploy.0 = Debug|x86
		{7CC3E8D8-D69F-4F94-8DB9-62F897BF30C6}.Release|Any CPU.ActiveCfg = Release|Any CPU
		{7CC3E8D8-D69F-4F94-8DB9-62F897BF30C6}.Release|Any CPU.Build.0 = Release|Any CPU
		{7CC3E8D8-D69F-4F94-8DB9-62F897BF30C6}.Release|Any CPU.Deploy.0 = Release|Any CPU
		{7CC3E8D8-D69F-4F94-8DB9-62F897BF30C6}.Release|ARM.ActiveCfg = Release|ARM
		{7CC3E8D8-D69F-4F94-8DB9-62F897BF30C6}.Release|ARM.Build.0 = Release|ARM
		{7CC3E8D8-D69F-4F94-8DB9-62F897BF30C6}.Release|ARM.Deploy.0 = Release|ARM
		{7CC3E8D8-D69F-4F94-8DB9-62F897BF30C6}.Release|iPhone.ActiveCfg = Release|Any CPU
		{7CC3E8D8-D69F-4F94-8DB9-62F897BF30C6}.Release|iPhone.Build.0 = Release|Any CPU
		{7CC3E8D8-D69F-4F94-8DB9-62F897BF30C6}.Release|iPhone.Deploy.0 = Release|Any CPU
		{7CC3E8D8-D69F-4F94-8DB9-62F897BF30C6}.Release|iPhoneSimulator.ActiveCfg = Release|Any CPU
		{7CC3E8D8-D69F-4F94-8DB9-62F897BF30C6}.Release|iPhoneSimulator.Build.0 = Release|Any CPU
		{7CC3E8D8-D69F-4F94-8DB9-62F897BF30C6}.Release|iPhoneSimulator.Deploy.0 = Release|Any CPU
		{7CC3E8D8-D69F-4F94-8DB9-62F897BF30C6}.Release|x64.ActiveCfg = Release|Any CPU
		{7CC3E8D8-D69F-4F94-8DB9-62F897BF30C6}.Release|x64.Build.0 = Release|Any CPU
		{7CC3E8D8-D69F-4F94-8DB9-62F897BF30C6}.Release|x64.Deploy.0 = Release|Any CPU
		{7CC3E8D8-D69F-4F94-8DB9-62F897BF30C6}.Release|x86.ActiveCfg = Release|x86
		{7CC3E8D8-D69F-4F94-8DB9-62F897BF30C6}.Release|x86.Build.0 = Release|x86
		{7CC3E8D8-D69F-4F94-8DB9-62F897BF30C6}.Release|x86.Deploy.0 = Release|x86
		{D2888099-BA02-4C44-9989-BFCC70595852}.Ad-Hoc|Any CPU.ActiveCfg = Release|x86
		{D2888099-BA02-4C44-9989-BFCC70595852}.Ad-Hoc|Any CPU.Build.0 = Release|x86
		{D2888099-BA02-4C44-9989-BFCC70595852}.Ad-Hoc|Any CPU.Deploy.0 = Release|x86
		{D2888099-BA02-4C44-9989-BFCC70595852}.Ad-Hoc|ARM.ActiveCfg = Release|ARM
		{D2888099-BA02-4C44-9989-BFCC70595852}.Ad-Hoc|ARM.Build.0 = Release|ARM
		{D2888099-BA02-4C44-9989-BFCC70595852}.Ad-Hoc|ARM.Deploy.0 = Release|ARM
		{D2888099-BA02-4C44-9989-BFCC70595852}.Ad-Hoc|iPhone.ActiveCfg = Release|x86
		{D2888099-BA02-4C44-9989-BFCC70595852}.Ad-Hoc|iPhone.Build.0 = Release|x86
		{D2888099-BA02-4C44-9989-BFCC70595852}.Ad-Hoc|iPhone.Deploy.0 = Release|x86
		{D2888099-BA02-4C44-9989-BFCC70595852}.Ad-Hoc|iPhoneSimulator.ActiveCfg = Release|x86
		{D2888099-BA02-4C44-9989-BFCC70595852}.Ad-Hoc|iPhoneSimulator.Build.0 = Release|x86
		{D2888099-BA02-4C44-9989-BFCC70595852}.Ad-Hoc|iPhoneSimulator.Deploy.0 = Release|x86
		{D2888099-BA02-4C44-9989-BFCC70595852}.Ad-Hoc|x64.ActiveCfg = Release|x64
		{D2888099-BA02-4C44-9989-BFCC70595852}.Ad-Hoc|x64.Build.0 = Release|x64
		{D2888099-BA02-4C44-9989-BFCC70595852}.Ad-Hoc|x64.Deploy.0 = Release|x64
		{D2888099-BA02-4C44-9989-BFCC70595852}.Ad-Hoc|x86.ActiveCfg = Release|x86
		{D2888099-BA02-4C44-9989-BFCC70595852}.Ad-Hoc|x86.Build.0 = Release|x86
		{D2888099-BA02-4C44-9989-BFCC70595852}.Ad-Hoc|x86.Deploy.0 = Release|x86
		{D2888099-BA02-4C44-9989-BFCC70595852}.AppStore|Any CPU.ActiveCfg = Release|x86
		{D2888099-BA02-4C44-9989-BFCC70595852}.AppStore|Any CPU.Build.0 = Release|x86
		{D2888099-BA02-4C44-9989-BFCC70595852}.AppStore|Any CPU.Deploy.0 = Release|x86
		{D2888099-BA02-4C44-9989-BFCC70595852}.AppStore|ARM.ActiveCfg = Release|ARM
		{D2888099-BA02-4C44-9989-BFCC70595852}.AppStore|ARM.Build.0 = Release|ARM
		{D2888099-BA02-4C44-9989-BFCC70595852}.AppStore|ARM.Deploy.0 = Release|ARM
		{D2888099-BA02-4C44-9989-BFCC70595852}.AppStore|iPhone.ActiveCfg = Release|x86
		{D2888099-BA02-4C44-9989-BFCC70595852}.AppStore|iPhone.Build.0 = Release|x86
		{D2888099-BA02-4C44-9989-BFCC70595852}.AppStore|iPhone.Deploy.0 = Release|x86
		{D2888099-BA02-4C44-9989-BFCC70595852}.AppStore|iPhoneSimulator.ActiveCfg = Release|x86
		{D2888099-BA02-4C44-9989-BFCC70595852}.AppStore|iPhoneSimulator.Build.0 = Release|x86
		{D2888099-BA02-4C44-9989-BFCC70595852}.AppStore|iPhoneSimulator.Deploy.0 = Release|x86
		{D2888099-BA02-4C44-9989-BFCC70595852}.AppStore|x64.ActiveCfg = Release|x64
		{D2888099-BA02-4C44-9989-BFCC70595852}.AppStore|x64.Build.0 = Release|x64
		{D2888099-BA02-4C44-9989-BFCC70595852}.AppStore|x64.Deploy.0 = Release|x64
		{D2888099-BA02-4C44-9989-BFCC70595852}.AppStore|x86.ActiveCfg = Release|x86
		{D2888099-BA02-4C44-9989-BFCC70595852}.AppStore|x86.Build.0 = Release|x86
		{D2888099-BA02-4C44-9989-BFCC70595852}.AppStore|x86.Deploy.0 = Release|x86
		{D2888099-BA02-4C44-9989-BFCC70595852}.Debug|Any CPU.ActiveCfg = Debug|x86
		{D2888099-BA02-4C44-9989-BFCC70595852}.Debug|ARM.ActiveCfg = Debug|ARM
		{D2888099-BA02-4C44-9989-BFCC70595852}.Debug|ARM.Build.0 = Debug|ARM
		{D2888099-BA02-4C44-9989-BFCC70595852}.Debug|ARM.Deploy.0 = Debug|ARM
		{D2888099-BA02-4C44-9989-BFCC70595852}.Debug|iPhone.ActiveCfg = Debug|x86
		{D2888099-BA02-4C44-9989-BFCC70595852}.Debug|iPhoneSimulator.ActiveCfg = Debug|x86
		{D2888099-BA02-4C44-9989-BFCC70595852}.Debug|x64.ActiveCfg = Debug|x64
		{D2888099-BA02-4C44-9989-BFCC70595852}.Debug|x64.Build.0 = Debug|x64
		{D2888099-BA02-4C44-9989-BFCC70595852}.Debug|x64.Deploy.0 = Debug|x64
		{D2888099-BA02-4C44-9989-BFCC70595852}.Debug|x86.ActiveCfg = Debug|x86
		{D2888099-BA02-4C44-9989-BFCC70595852}.Debug|x86.Build.0 = Debug|x86
		{D2888099-BA02-4C44-9989-BFCC70595852}.Debug|x86.Deploy.0 = Debug|x86
		{D2888099-BA02-4C44-9989-BFCC70595852}.Release|Any CPU.ActiveCfg = Release|x86
		{D2888099-BA02-4C44-9989-BFCC70595852}.Release|ARM.ActiveCfg = Release|ARM
		{D2888099-BA02-4C44-9989-BFCC70595852}.Release|ARM.Build.0 = Release|ARM
		{D2888099-BA02-4C44-9989-BFCC70595852}.Release|ARM.Deploy.0 = Release|ARM
		{D2888099-BA02-4C44-9989-BFCC70595852}.Release|iPhone.ActiveCfg = Release|x86
		{D2888099-BA02-4C44-9989-BFCC70595852}.Release|iPhoneSimulator.ActiveCfg = Release|x86
		{D2888099-BA02-4C44-9989-BFCC70595852}.Release|x64.ActiveCfg = Release|x64
		{D2888099-BA02-4C44-9989-BFCC70595852}.Release|x64.Build.0 = Release|x64
		{D2888099-BA02-4C44-9989-BFCC70595852}.Release|x64.Deploy.0 = Release|x64
		{D2888099-BA02-4C44-9989-BFCC70595852}.Release|x86.ActiveCfg = Release|x86
		{D2888099-BA02-4C44-9989-BFCC70595852}.Release|x86.Build.0 = Release|x86
		{D2888099-BA02-4C44-9989-BFCC70595852}.Release|x86.Deploy.0 = Release|x86
		{738092AF-F23A-4474-9658-DF6B5EDD67D1}.Ad-Hoc|Any CPU.ActiveCfg = Release|Any CPU
		{738092AF-F23A-4474-9658-DF6B5EDD67D1}.Ad-Hoc|Any CPU.Build.0 = Release|Any CPU
		{738092AF-F23A-4474-9658-DF6B5EDD67D1}.Ad-Hoc|Any CPU.Deploy.0 = Release|Any CPU
		{738092AF-F23A-4474-9658-DF6B5EDD67D1}.Ad-Hoc|ARM.ActiveCfg = Release|ARM
		{738092AF-F23A-4474-9658-DF6B5EDD67D1}.Ad-Hoc|ARM.Build.0 = Release|ARM
		{738092AF-F23A-4474-9658-DF6B5EDD67D1}.Ad-Hoc|ARM.Deploy.0 = Release|ARM
		{738092AF-F23A-4474-9658-DF6B5EDD67D1}.Ad-Hoc|iPhone.ActiveCfg = Release|Any CPU
		{738092AF-F23A-4474-9658-DF6B5EDD67D1}.Ad-Hoc|iPhone.Build.0 = Release|Any CPU
		{738092AF-F23A-4474-9658-DF6B5EDD67D1}.Ad-Hoc|iPhone.Deploy.0 = Release|Any CPU
		{738092AF-F23A-4474-9658-DF6B5EDD67D1}.Ad-Hoc|iPhoneSimulator.ActiveCfg = Release|Any CPU
		{738092AF-F23A-4474-9658-DF6B5EDD67D1}.Ad-Hoc|iPhoneSimulator.Build.0 = Release|Any CPU
		{738092AF-F23A-4474-9658-DF6B5EDD67D1}.Ad-Hoc|iPhoneSimulator.Deploy.0 = Release|Any CPU
		{738092AF-F23A-4474-9658-DF6B5EDD67D1}.Ad-Hoc|x64.ActiveCfg = Release|x64
		{738092AF-F23A-4474-9658-DF6B5EDD67D1}.Ad-Hoc|x64.Build.0 = Release|x64
		{738092AF-F23A-4474-9658-DF6B5EDD67D1}.Ad-Hoc|x64.Deploy.0 = Release|x64
		{738092AF-F23A-4474-9658-DF6B5EDD67D1}.Ad-Hoc|x86.ActiveCfg = Release|x86
		{738092AF-F23A-4474-9658-DF6B5EDD67D1}.Ad-Hoc|x86.Build.0 = Release|x86
		{738092AF-F23A-4474-9658-DF6B5EDD67D1}.Ad-Hoc|x86.Deploy.0 = Release|x86
		{738092AF-F23A-4474-9658-DF6B5EDD67D1}.AppStore|Any CPU.ActiveCfg = Release|Any CPU
		{738092AF-F23A-4474-9658-DF6B5EDD67D1}.AppStore|Any CPU.Build.0 = Release|Any CPU
		{738092AF-F23A-4474-9658-DF6B5EDD67D1}.AppStore|Any CPU.Deploy.0 = Release|Any CPU
		{738092AF-F23A-4474-9658-DF6B5EDD67D1}.AppStore|ARM.ActiveCfg = Release|ARM
		{738092AF-F23A-4474-9658-DF6B5EDD67D1}.AppStore|ARM.Build.0 = Release|ARM
		{738092AF-F23A-4474-9658-DF6B5EDD67D1}.AppStore|ARM.Deploy.0 = Release|ARM
		{738092AF-F23A-4474-9658-DF6B5EDD67D1}.AppStore|iPhone.ActiveCfg = Release|Any CPU
		{738092AF-F23A-4474-9658-DF6B5EDD67D1}.AppStore|iPhone.Build.0 = Release|Any CPU
		{738092AF-F23A-4474-9658-DF6B5EDD67D1}.AppStore|iPhone.Deploy.0 = Release|Any CPU
		{738092AF-F23A-4474-9658-DF6B5EDD67D1}.AppStore|iPhoneSimulator.ActiveCfg = Release|Any CPU
		{738092AF-F23A-4474-9658-DF6B5EDD67D1}.AppStore|iPhoneSimulator.Build.0 = Release|Any CPU
		{738092AF-F23A-4474-9658-DF6B5EDD67D1}.AppStore|iPhoneSimulator.Deploy.0 = Release|Any CPU
		{738092AF-F23A-4474-9658-DF6B5EDD67D1}.AppStore|x64.ActiveCfg = Release|x64
		{738092AF-F23A-4474-9658-DF6B5EDD67D1}.AppStore|x64.Build.0 = Release|x64
		{738092AF-F23A-4474-9658-DF6B5EDD67D1}.AppStore|x64.Deploy.0 = Release|x64
		{738092AF-F23A-4474-9658-DF6B5EDD67D1}.AppStore|x86.ActiveCfg = Release|x86
		{738092AF-F23A-4474-9658-DF6B5EDD67D1}.AppStore|x86.Build.0 = Release|x86
		{738092AF-F23A-4474-9658-DF6B5EDD67D1}.AppStore|x86.Deploy.0 = Release|x86
		{738092AF-F23A-4474-9658-DF6B5EDD67D1}.Debug|Any CPU.ActiveCfg = Debug|Any CPU
		{738092AF-F23A-4474-9658-DF6B5EDD67D1}.Debug|Any CPU.Build.0 = Debug|Any CPU
		{738092AF-F23A-4474-9658-DF6B5EDD67D1}.Debug|Any CPU.Deploy.0 = Debug|Any CPU
		{738092AF-F23A-4474-9658-DF6B5EDD67D1}.Debug|ARM.ActiveCfg = Debug|ARM
		{738092AF-F23A-4474-9658-DF6B5EDD67D1}.Debug|ARM.Build.0 = Debug|ARM
		{738092AF-F23A-4474-9658-DF6B5EDD67D1}.Debug|ARM.Deploy.0 = Debug|ARM
		{738092AF-F23A-4474-9658-DF6B5EDD67D1}.Debug|iPhone.ActiveCfg = Debug|Any CPU
		{738092AF-F23A-4474-9658-DF6B5EDD67D1}.Debug|iPhone.Build.0 = Debug|Any CPU
		{738092AF-F23A-4474-9658-DF6B5EDD67D1}.Debug|iPhone.Deploy.0 = Debug|Any CPU
		{738092AF-F23A-4474-9658-DF6B5EDD67D1}.Debug|iPhoneSimulator.ActiveCfg = Debug|Any CPU
		{738092AF-F23A-4474-9658-DF6B5EDD67D1}.Debug|iPhoneSimulator.Build.0 = Debug|Any CPU
		{738092AF-F23A-4474-9658-DF6B5EDD67D1}.Debug|iPhoneSimulator.Deploy.0 = Debug|Any CPU
		{738092AF-F23A-4474-9658-DF6B5EDD67D1}.Debug|x64.ActiveCfg = Debug|x64
		{738092AF-F23A-4474-9658-DF6B5EDD67D1}.Debug|x64.Build.0 = Debug|x64
		{738092AF-F23A-4474-9658-DF6B5EDD67D1}.Debug|x64.Deploy.0 = Debug|x64
		{738092AF-F23A-4474-9658-DF6B5EDD67D1}.Debug|x86.ActiveCfg = Debug|x86
		{738092AF-F23A-4474-9658-DF6B5EDD67D1}.Debug|x86.Build.0 = Debug|x86
		{738092AF-F23A-4474-9658-DF6B5EDD67D1}.Debug|x86.Deploy.0 = Debug|x86
		{738092AF-F23A-4474-9658-DF6B5EDD67D1}.Release|Any CPU.ActiveCfg = Release|Any CPU
		{738092AF-F23A-4474-9658-DF6B5EDD67D1}.Release|Any CPU.Build.0 = Release|Any CPU
		{738092AF-F23A-4474-9658-DF6B5EDD67D1}.Release|Any CPU.Deploy.0 = Release|Any CPU
		{738092AF-F23A-4474-9658-DF6B5EDD67D1}.Release|ARM.ActiveCfg = Release|ARM
		{738092AF-F23A-4474-9658-DF6B5EDD67D1}.Release|ARM.Build.0 = Release|ARM
		{738092AF-F23A-4474-9658-DF6B5EDD67D1}.Release|ARM.Deploy.0 = Release|ARM
		{738092AF-F23A-4474-9658-DF6B5EDD67D1}.Release|iPhone.ActiveCfg = Release|Any CPU
		{738092AF-F23A-4474-9658-DF6B5EDD67D1}.Release|iPhone.Build.0 = Release|Any CPU
		{738092AF-F23A-4474-9658-DF6B5EDD67D1}.Release|iPhone.Deploy.0 = Release|Any CPU
		{738092AF-F23A-4474-9658-DF6B5EDD67D1}.Release|iPhoneSimulator.ActiveCfg = Release|Any CPU
		{738092AF-F23A-4474-9658-DF6B5EDD67D1}.Release|iPhoneSimulator.Build.0 = Release|Any CPU
		{738092AF-F23A-4474-9658-DF6B5EDD67D1}.Release|iPhoneSimulator.Deploy.0 = Release|Any CPU
		{738092AF-F23A-4474-9658-DF6B5EDD67D1}.Release|x64.ActiveCfg = Release|x64
		{738092AF-F23A-4474-9658-DF6B5EDD67D1}.Release|x64.Build.0 = Release|x64
		{738092AF-F23A-4474-9658-DF6B5EDD67D1}.Release|x64.Deploy.0 = Release|x64
		{738092AF-F23A-4474-9658-DF6B5EDD67D1}.Release|x86.ActiveCfg = Release|x86
		{738092AF-F23A-4474-9658-DF6B5EDD67D1}.Release|x86.Build.0 = Release|x86
		{738092AF-F23A-4474-9658-DF6B5EDD67D1}.Release|x86.Deploy.0 = Release|x86
		{34BCACA9-96CF-47F3-BA4A-D27D99024088}.Ad-Hoc|Any CPU.ActiveCfg = Release|Any CPU
		{34BCACA9-96CF-47F3-BA4A-D27D99024088}.Ad-Hoc|Any CPU.Build.0 = Release|Any CPU
		{34BCACA9-96CF-47F3-BA4A-D27D99024088}.Ad-Hoc|ARM.ActiveCfg = Release|Any CPU
		{34BCACA9-96CF-47F3-BA4A-D27D99024088}.Ad-Hoc|ARM.Build.0 = Release|Any CPU
		{34BCACA9-96CF-47F3-BA4A-D27D99024088}.Ad-Hoc|iPhone.ActiveCfg = Release|Any CPU
		{34BCACA9-96CF-47F3-BA4A-D27D99024088}.Ad-Hoc|iPhone.Build.0 = Release|Any CPU
		{34BCACA9-96CF-47F3-BA4A-D27D99024088}.Ad-Hoc|iPhoneSimulator.ActiveCfg = Release|Any CPU
		{34BCACA9-96CF-47F3-BA4A-D27D99024088}.Ad-Hoc|iPhoneSimulator.Build.0 = Release|Any CPU
		{34BCACA9-96CF-47F3-BA4A-D27D99024088}.Ad-Hoc|x64.ActiveCfg = Release|Any CPU
		{34BCACA9-96CF-47F3-BA4A-D27D99024088}.Ad-Hoc|x64.Build.0 = Release|Any CPU
		{34BCACA9-96CF-47F3-BA4A-D27D99024088}.Ad-Hoc|x86.ActiveCfg = Release|Any CPU
		{34BCACA9-96CF-47F3-BA4A-D27D99024088}.Ad-Hoc|x86.Build.0 = Release|Any CPU
		{34BCACA9-96CF-47F3-BA4A-D27D99024088}.AppStore|Any CPU.ActiveCfg = Release|Any CPU
		{34BCACA9-96CF-47F3-BA4A-D27D99024088}.AppStore|Any CPU.Build.0 = Release|Any CPU
		{34BCACA9-96CF-47F3-BA4A-D27D99024088}.AppStore|ARM.ActiveCfg = Release|Any CPU
		{34BCACA9-96CF-47F3-BA4A-D27D99024088}.AppStore|ARM.Build.0 = Release|Any CPU
		{34BCACA9-96CF-47F3-BA4A-D27D99024088}.AppStore|iPhone.ActiveCfg = Release|Any CPU
		{34BCACA9-96CF-47F3-BA4A-D27D99024088}.AppStore|iPhone.Build.0 = Release|Any CPU
		{34BCACA9-96CF-47F3-BA4A-D27D99024088}.AppStore|iPhoneSimulator.ActiveCfg = Release|Any CPU
		{34BCACA9-96CF-47F3-BA4A-D27D99024088}.AppStore|iPhoneSimulator.Build.0 = Release|Any CPU
		{34BCACA9-96CF-47F3-BA4A-D27D99024088}.AppStore|x64.ActiveCfg = Release|Any CPU
		{34BCACA9-96CF-47F3-BA4A-D27D99024088}.AppStore|x64.Build.0 = Release|Any CPU
		{34BCACA9-96CF-47F3-BA4A-D27D99024088}.AppStore|x86.ActiveCfg = Release|Any CPU
		{34BCACA9-96CF-47F3-BA4A-D27D99024088}.AppStore|x86.Build.0 = Release|Any CPU
		{34BCACA9-96CF-47F3-BA4A-D27D99024088}.Debug|Any CPU.ActiveCfg = Debug|Any CPU
		{34BCACA9-96CF-47F3-BA4A-D27D99024088}.Debug|Any CPU.Build.0 = Debug|Any CPU
		{34BCACA9-96CF-47F3-BA4A-D27D99024088}.Debug|ARM.ActiveCfg = Debug|Any CPU
		{34BCACA9-96CF-47F3-BA4A-D27D99024088}.Debug|ARM.Build.0 = Debug|Any CPU
		{34BCACA9-96CF-47F3-BA4A-D27D99024088}.Debug|iPhone.ActiveCfg = Debug|Any CPU
		{34BCACA9-96CF-47F3-BA4A-D27D99024088}.Debug|iPhone.Build.0 = Debug|Any CPU
		{34BCACA9-96CF-47F3-BA4A-D27D99024088}.Debug|iPhoneSimulator.ActiveCfg = Debug|Any CPU
		{34BCACA9-96CF-47F3-BA4A-D27D99024088}.Debug|iPhoneSimulator.Build.0 = Debug|Any CPU
		{34BCACA9-96CF-47F3-BA4A-D27D99024088}.Debug|x64.ActiveCfg = Debug|Any CPU
		{34BCACA9-96CF-47F3-BA4A-D27D99024088}.Debug|x64.Build.0 = Debug|Any CPU
		{34BCACA9-96CF-47F3-BA4A-D27D99024088}.Debug|x86.ActiveCfg = Debug|Any CPU
		{34BCACA9-96CF-47F3-BA4A-D27D99024088}.Debug|x86.Build.0 = Debug|Any CPU
		{34BCACA9-96CF-47F3-BA4A-D27D99024088}.Release|Any CPU.ActiveCfg = Release|Any CPU
		{34BCACA9-96CF-47F3-BA4A-D27D99024088}.Release|Any CPU.Build.0 = Release|Any CPU
		{34BCACA9-96CF-47F3-BA4A-D27D99024088}.Release|ARM.ActiveCfg = Release|Any CPU
		{34BCACA9-96CF-47F3-BA4A-D27D99024088}.Release|ARM.Build.0 = Release|Any CPU
		{34BCACA9-96CF-47F3-BA4A-D27D99024088}.Release|iPhone.ActiveCfg = Release|Any CPU
		{34BCACA9-96CF-47F3-BA4A-D27D99024088}.Release|iPhone.Build.0 = Release|Any CPU
		{34BCACA9-96CF-47F3-BA4A-D27D99024088}.Release|iPhoneSimulator.ActiveCfg = Release|Any CPU
		{34BCACA9-96CF-47F3-BA4A-D27D99024088}.Release|iPhoneSimulator.Build.0 = Release|Any CPU
		{34BCACA9-96CF-47F3-BA4A-D27D99024088}.Release|x64.ActiveCfg = Release|Any CPU
		{34BCACA9-96CF-47F3-BA4A-D27D99024088}.Release|x64.Build.0 = Release|Any CPU
		{34BCACA9-96CF-47F3-BA4A-D27D99024088}.Release|x86.ActiveCfg = Release|Any CPU
		{34BCACA9-96CF-47F3-BA4A-D27D99024088}.Release|x86.Build.0 = Release|Any CPU
	EndGlobalSection
	GlobalSection(SolutionProperties) = preSolution
		HideSolutionNode = FALSE
	EndGlobalSection
EndGlobal
